
Microsoft Visual Studio Solution File, Format Version 12.00
# Visual Studio 15
VisualStudioVersion = 15.0.28010.2019
MinimumVisualStudioVersion = 10.0.40219.1
Project("{FAE04EC0-301F-11D3-BF4B-00C04F79EFBC}") = "ConsoleApp1", "ConsoleApp1\ConsoleApp1.csproj", "{ED509E02-38DB-42EB-A18F-7DF95822F61A}"
EndProject
Global
	GlobalSection(SolutionConfigurationPlatforms) = preSolution
		Debug|Any CPU = Debug|Any CPU
		Release|Any CPU = Release|Any CPU
	EndGlobalSection
	GlobalSection(ProjectConfigurationPlatforms) = postSolution
		{ED509E02-38DB-42EB-A18F-7DF95822F61A}.Debug|Any CPU.ActiveCfg = Debug|Any CPU
		{ED509E02-38DB-42EB-A18F-7DF95822F61A}.Debug|Any CPU.Build.0 = Debug|Any CPU
		{ED509E02-38DB-42EB-A18F-7DF95822F61A}.Release|Any CPU.ActiveCfg = Release|Any CPU
		{ED509E02-38DB-42EB-A18F-7DF95822F61A}.Release|Any CPU.Build.0 = Release|Any CPU
	EndGlobalSection
	GlobalSection(SolutionProperties) = preSolution
		HideSolutionNode = FALSE
	EndGlobalSection
	GlobalSection(ExtensibilityGlobals) = postSolution
		SolutionGuid = {A350A162-CEE7-400E-AB7D-BF870F2870AD}
	EndGlobalSection
EndGlobal
